// !$*UTF8*$!
{
	archiveVersion = 1;
	classes = {
	};
	objectVersion = 51;
	objects = {

/* Begin PBXBuildFile section */
		73660763680CD60CFD37554E /* Pods_Doggoh_Starter.framework in Frameworks */ = {isa = PBXBuildFile; fileRef = 10B99F94DEB38DD3F8E386C8 /* Pods_Doggoh_Starter.framework */; };
		DF43FC6A22F59C2300E7004A /* QuestionsPool.swift in Sources */ = {isa = PBXBuildFile; fileRef = DF43FC6922F59C2300E7004A /* QuestionsPool.swift */; };
		DF676B90231540AB00789D93 /* Doggoh.xcdatamodeld in Sources */ = {isa = PBXBuildFile; fileRef = DF676B8E231540AB00789D93 /* Doggoh.xcdatamodeld */; };
		DF676C032317AC8200789D93 /* Dog+CoreDataClass.swift in Sources */ = {isa = PBXBuildFile; fileRef = DF676BFD2317AC8100789D93 /* Dog+CoreDataClass.swift */; };
		DF676C042317AC8200789D93 /* BreedImage+CoreDataClass.swift in Sources */ = {isa = PBXBuildFile; fileRef = DF676BFF2317AC8100789D93 /* BreedImage+CoreDataClass.swift */; };
		DF676C052317AC8200789D93 /* Question+CoreDataClass.swift in Sources */ = {isa = PBXBuildFile; fileRef = DF676C002317AC8100789D93 /* Question+CoreDataClass.swift */; };
		DF676C062317AC8200789D93 /* Question+CoreDataProperties.swift in Sources */ = {isa = PBXBuildFile; fileRef = DF676C012317AC8200789D93 /* Question+CoreDataProperties.swift */; };
		DF676C072317AC8200789D93 /* Breed+CoreDataProperties.swift in Sources */ = {isa = PBXBuildFile; fileRef = DF676BFB2317AC8100789D93 /* Breed+CoreDataProperties.swift */; };
		DF676C082317AC8200789D93 /* Dog+CoreDataProperties.swift in Sources */ = {isa = PBXBuildFile; fileRef = DF676BFE2317AC8100789D93 /* Dog+CoreDataProperties.swift */; };
		DF676C092317AC8200789D93 /* Breed+CoreDataClass.swift in Sources */ = {isa = PBXBuildFile; fileRef = DF676BFC2317AC8100789D93 /* Breed+CoreDataClass.swift */; };
		DF676C0A2317AC8200789D93 /* BreedImage+CoreDataProperties.swift in Sources */ = {isa = PBXBuildFile; fileRef = DF676C022317AC8200789D93 /* BreedImage+CoreDataProperties.swift */; };
		DFA8015222F57C2F00FDAEBF /* BreedsTableViewController.swift in Sources */ = {isa = PBXBuildFile; fileRef = DFA8015122F57C2F00FDAEBF /* BreedsTableViewController.swift */; };
		DFA8015422F57C6700FDAEBF /* DogProfileViewController.swift in Sources */ = {isa = PBXBuildFile; fileRef = DFA8015322F57C6700FDAEBF /* DogProfileViewController.swift */; };
		DFA8015622F57C7300FDAEBF /* QuizViewController.swift in Sources */ = {isa = PBXBuildFile; fileRef = DFA8015522F57C7300FDAEBF /* QuizViewController.swift */; };
		DFA8015922F57F4400FDAEBF /* QuestionViewController.swift in Sources */ = {isa = PBXBuildFile; fileRef = DFA8015822F57F4400FDAEBF /* QuestionViewController.swift */; };
		DFA8015D22F5863F00FDAEBF /* QuestionsRepository.swift in Sources */ = {isa = PBXBuildFile; fileRef = DFA8015C22F5863F00FDAEBF /* QuestionsRepository.swift */; };
		DFA8015F22F586D300FDAEBF /* QuestionClass.swift in Sources */ = {isa = PBXBuildFile; fileRef = DFA8015E22F586D300FDAEBF /* QuestionClass.swift */; };
		DFC05E4D22F5B58E00008CAD /* QuizButton.swift in Sources */ = {isa = PBXBuildFile; fileRef = DFC05E4C22F5B58E00008CAD /* QuizButton.swift */; };
		DFC05E5022F5CFA700008CAD /* QuizCoordinator.swift in Sources */ = {isa = PBXBuildFile; fileRef = DFC05E4F22F5CFA700008CAD /* QuizCoordinator.swift */; };
		DFC05E5122F5F65500008CAD /* Montserrat-Bold.ttf in Resources */ = {isa = PBXBuildFile; fileRef = F6693CD122F4974D00CD3720 /* Montserrat-Bold.ttf */; };
		DFC05E5222F5F65500008CAD /* Montserrat-Regular.ttf in Resources */ = {isa = PBXBuildFile; fileRef = F6693CCF22F4974D00CD3720 /* Montserrat-Regular.ttf */; };
		DFC05E5322F5F65500008CAD /* MontserratAlternates-Bold.ttf in Resources */ = {isa = PBXBuildFile; fileRef = F6693CD022F4974D00CD3720 /* MontserratAlternates-Bold.ttf */; };
		DFC05E5422F5F65500008CAD /* MontserratAlternates-Regular.ttf in Resources */ = {isa = PBXBuildFile; fileRef = F6693CCE22F4974D00CD3720 /* MontserratAlternates-Regular.ttf */; };
		DFC05E5522F5F65500008CAD /* OpenSans-Bold.ttf in Resources */ = {isa = PBXBuildFile; fileRef = F6693CD222F4975B00CD3720 /* OpenSans-Bold.ttf */; };
		DFC05E5622F5F65500008CAD /* OpenSans-BoldItalic.ttf in Resources */ = {isa = PBXBuildFile; fileRef = F6693CD722F4975B00CD3720 /* OpenSans-BoldItalic.ttf */; };
		DFC05E5722F5F65500008CAD /* OpenSans-ExtraBold.ttf in Resources */ = {isa = PBXBuildFile; fileRef = F6693CDA22F4975B00CD3720 /* OpenSans-ExtraBold.ttf */; };
		DFC05E5822F5F65500008CAD /* OpenSans-ExtraBoldItalic.ttf in Resources */ = {isa = PBXBuildFile; fileRef = F6693CD822F4975B00CD3720 /* OpenSans-ExtraBoldItalic.ttf */; };
		DFC05E5922F5F65500008CAD /* OpenSans-Italic.ttf in Resources */ = {isa = PBXBuildFile; fileRef = F6693CD322F4975B00CD3720 /* OpenSans-Italic.ttf */; };
		DFC05E5A22F5F65500008CAD /* OpenSans-Light.ttf in Resources */ = {isa = PBXBuildFile; fileRef = F6693CD922F4975B00CD3720 /* OpenSans-Light.ttf */; };
		DFC05E5B22F5F65500008CAD /* OpenSans-LightItalic.ttf in Resources */ = {isa = PBXBuildFile; fileRef = F6693CD522F4975B00CD3720 /* OpenSans-LightItalic.ttf */; };
		DFC05E5C22F5F65500008CAD /* OpenSans-Regular.ttf in Resources */ = {isa = PBXBuildFile; fileRef = F6693CD422F4975B00CD3720 /* OpenSans-Regular.ttf */; };
		DFC05E5D22F5F65500008CAD /* OpenSans-Semibold.ttf in Resources */ = {isa = PBXBuildFile; fileRef = F6693CD622F4975B00CD3720 /* OpenSans-Semibold.ttf */; };
		DFC05E5E22F5F65500008CAD /* OpenSans-SemiboldItalic.ttf in Resources */ = {isa = PBXBuildFile; fileRef = F6693CDB22F4975B00CD3720 /* OpenSans-SemiboldItalic.ttf */; };
		DFC05E6022F6092E00008CAD /* DoggohNavigationBar.swift in Sources */ = {isa = PBXBuildFile; fileRef = DFC05E5F22F6092E00008CAD /* DoggohNavigationBar.swift */; };
		DFC05E6222F6F42D00008CAD /* ResultsViewController.swift in Sources */ = {isa = PBXBuildFile; fileRef = DFC05E6122F6F42D00008CAD /* ResultsViewController.swift */; };
		DFC05E6622F73C4A00008CAD /* RoundedTabBar.swift in Sources */ = {isa = PBXBuildFile; fileRef = DFC05E6522F73C4A00008CAD /* RoundedTabBar.swift */; };
		DFC05E8822F9B18B00008CAD /* DogDescriptionButton.swift in Sources */ = {isa = PBXBuildFile; fileRef = DFC05E8722F9B18B00008CAD /* DogDescriptionButton.swift */; };
		DFC05E8A22FAEF5400008CAD /* BreedClass.swift in Sources */ = {isa = PBXBuildFile; fileRef = DFC05E8922FAEF5400008CAD /* BreedClass.swift */; };
		DFC05E8F22FAF0AA00008CAD /* SubBreedTableViewCell.swift in Sources */ = {isa = PBXBuildFile; fileRef = DFC05E8D22FAF0AA00008CAD /* SubBreedTableViewCell.swift */; };
		DFC05E9022FAF0AA00008CAD /* SubBreedTableViewCell.xib in Resources */ = {isa = PBXBuildFile; fileRef = DFC05E8E22FAF0AA00008CAD /* SubBreedTableViewCell.xib */; };
		DFC05E9922FAF75B00008CAD /* BreedsRepository.swift in Sources */ = {isa = PBXBuildFile; fileRef = DFC05E9822FAF75B00008CAD /* BreedsRepository.swift */; };
		DFC05E9B22FAF84C00008CAD /* alldogsresponse.json in Resources */ = {isa = PBXBuildFile; fileRef = DFC05E9A22FAF84C00008CAD /* alldogsresponse.json */; };
		DFC05E9E22FAFBA700008CAD /* BreedTableViewCell.swift in Sources */ = {isa = PBXBuildFile; fileRef = DFC05E9C22FAFBA700008CAD /* BreedTableViewCell.swift */; };
		DFC05E9F22FAFBA700008CAD /* BreedTableViewCell.xib in Resources */ = {isa = PBXBuildFile; fileRef = DFC05E9D22FAFBA700008CAD /* BreedTableViewCell.xib */; };
		DFC05EA122FB0F5700008CAD /* DogsTableViewFooter.swift in Sources */ = {isa = PBXBuildFile; fileRef = DFC05EA022FB0F5700008CAD /* DogsTableViewFooter.swift */; };
		DFC05EA322FB0F7000008CAD /* DogsTableViewFooter.xib in Resources */ = {isa = PBXBuildFile; fileRef = DFC05EA222FB0F7000008CAD /* DogsTableViewFooter.xib */; };
		DFC05EA522FB114300008CAD /* DogsTableViewHeader.swift in Sources */ = {isa = PBXBuildFile; fileRef = DFC05EA422FB114300008CAD /* DogsTableViewHeader.swift */; };
		DFC05EA722FB115700008CAD /* DogsTableViewHeader.xib in Resources */ = {isa = PBXBuildFile; fileRef = DFC05EA622FB115700008CAD /* DogsTableViewHeader.xib */; };
		DFC05EAB22FC33E800008CAD /* DogPictureTableViewCell.swift in Sources */ = {isa = PBXBuildFile; fileRef = DFC05EA922FC33E800008CAD /* DogPictureTableViewCell.swift */; };
		DFC05EAC22FC33E800008CAD /* DogPictureTableViewCell.xib in Resources */ = {isa = PBXBuildFile; fileRef = DFC05EAA22FC33E800008CAD /* DogPictureTableViewCell.xib */; };
		DFC05EB022FC350600008CAD /* DogProfileTableViewController.swift in Sources */ = {isa = PBXBuildFile; fileRef = DFC05EAF22FC350600008CAD /* DogProfileTableViewController.swift */; };
		DFC05EB322FC357400008CAD /* AgeTableViewCell.swift in Sources */ = {isa = PBXBuildFile; fileRef = DFC05EB122FC357400008CAD /* AgeTableViewCell.swift */; };
		DFC05EB422FC357400008CAD /* AgeTableViewCell.xib in Resources */ = {isa = PBXBuildFile; fileRef = DFC05EB222FC357400008CAD /* AgeTableViewCell.xib */; };
		DFC05EB722FC367000008CAD /* GenderTableViewCell.swift in Sources */ = {isa = PBXBuildFile; fileRef = DFC05EB522FC367000008CAD /* GenderTableViewCell.swift */; };
		DFC05EB822FC367000008CAD /* GenderTableViewCell.xib in Resources */ = {isa = PBXBuildFile; fileRef = DFC05EB622FC367000008CAD /* GenderTableViewCell.xib */; };
		DFC05EBC22FC375A00008CAD /* CharacterTableViewCell.swift in Sources */ = {isa = PBXBuildFile; fileRef = DFC05EBA22FC375A00008CAD /* CharacterTableViewCell.swift */; };
		DFC05EBD22FC375A00008CAD /* CharacterTableViewCell.xib in Resources */ = {isa = PBXBuildFile; fileRef = DFC05EBB22FC375A00008CAD /* CharacterTableViewCell.xib */; };
		DFC05EC122FC3DF500008CAD /* DogClass.swift in Sources */ = {isa = PBXBuildFile; fileRef = DFC05EC022FC3DF500008CAD /* DogClass.swift */; };
		DFC05EC322FC3F9A00008CAD /* Dogs.plist in Resources */ = {isa = PBXBuildFile; fileRef = DFC05EC222FC3F9A00008CAD /* Dogs.plist */; };
		DFC05EC622FC40A400008CAD /* PinterestLayout.swift in Sources */ = {isa = PBXBuildFile; fileRef = DFC05EC522FC40A400008CAD /* PinterestLayout.swift */; };
		DFC05EC922FC412E00008CAD /* DogCollectionViewCell.swift in Sources */ = {isa = PBXBuildFile; fileRef = DFC05EC722FC412E00008CAD /* DogCollectionViewCell.swift */; };
		DFC05ECA22FC412E00008CAD /* DogCollectionViewCell.xib in Resources */ = {isa = PBXBuildFile; fileRef = DFC05EC822FC412E00008CAD /* DogCollectionViewCell.xib */; };
		DFC05ECD22FC58F900008CAD /* CharacterCollectionViewCell.swift in Sources */ = {isa = PBXBuildFile; fileRef = DFC05ECB22FC58F900008CAD /* CharacterCollectionViewCell.swift */; };
		DFC05ECE22FC58F900008CAD /* CharacterCollectionViewCell.xib in Resources */ = {isa = PBXBuildFile; fileRef = DFC05ECC22FC58F900008CAD /* CharacterCollectionViewCell.xib */; };
		DFC05ED122FC5CC500008CAD /* DogProfileCharacterLayout.swift in Sources */ = {isa = PBXBuildFile; fileRef = DFC05ED022FC5CC500008CAD /* DogProfileCharacterLayout.swift */; };
		DFC05F3A230AABE200008CAD /* BreedDetailsViewController.swift in Sources */ = {isa = PBXBuildFile; fileRef = DFC05F39230AABE200008CAD /* BreedDetailsViewController.swift */; };
		DFC05F3D230AC6D300008CAD /* NetworkManager.swift in Sources */ = {isa = PBXBuildFile; fileRef = DFC05F3C230AC6D300008CAD /* NetworkManager.swift */; };
		DFC05F3F230AC73100008CAD /* DogAPIClient.swift in Sources */ = {isa = PBXBuildFile; fileRef = DFC05F3E230AC73100008CAD /* DogAPIClient.swift */; };
		DFC05F41230AC75900008CAD /* AllDogsResponse.swift in Sources */ = {isa = PBXBuildFile; fileRef = DFC05F40230AC75900008CAD /* AllDogsResponse.swift */; };
		DFC05F43230AC7AD00008CAD /* DogResponse.swift in Sources */ = {isa = PBXBuildFile; fileRef = DFC05F42230AC7AD00008CAD /* DogResponse.swift */; };
		DFC05F45230ACFA400008CAD /* DogImagesRepository.swift in Sources */ = {isa = PBXBuildFile; fileRef = DFC05F44230ACFA400008CAD /* DogImagesRepository.swift */; };
		DFC05F47230AD02700008CAD /* DogImageResponse.swift in Sources */ = {isa = PBXBuildFile; fileRef = DFC05F46230AD02700008CAD /* DogImageResponse.swift */; };
		DFC05F4D230BCBE000008CAD /* BreedDetailsCollectionViewCell.swift in Sources */ = {isa = PBXBuildFile; fileRef = DFC05F4B230BCBE000008CAD /* BreedDetailsCollectionViewCell.swift */; };
		DFC05F4E230BCBE000008CAD /* BreedDetailsCollectionViewCell.xib in Resources */ = {isa = PBXBuildFile; fileRef = DFC05F4C230BCBE000008CAD /* BreedDetailsCollectionViewCell.xib */; };
		DFC05F50230BD49400008CAD /* MultipleDogImagesResponse.swift in Sources */ = {isa = PBXBuildFile; fileRef = DFC05F4F230BD49400008CAD /* MultipleDogImagesResponse.swift */; };
		DFC05F52230C0D1700008CAD /* DoggohAPIClient.swift in Sources */ = {isa = PBXBuildFile; fileRef = DFC05F51230C0D1700008CAD /* DoggohAPIClient.swift */; };
		DFC05F54230C174E00008CAD /* ImaggaAPIClient.swift in Sources */ = {isa = PBXBuildFile; fileRef = DFC05F53230C174E00008CAD /* ImaggaAPIClient.swift */; };
		DFC05F5A230C183800008CAD /* TagsResponse.swift in Sources */ = {isa = PBXBuildFile; fileRef = DFC05F59230C183800008CAD /* TagsResponse.swift */; };
		DFC05F98230ED9BB00008CAD /* MaximizedDogPhotoCollectionViewCell.swift in Sources */ = {isa = PBXBuildFile; fileRef = DFC05F96230ED9BB00008CAD /* MaximizedDogPhotoCollectionViewCell.swift */; };
		DFC05F99230ED9BB00008CAD /* MaximizedDogPhotoCollectionViewCell.xib in Resources */ = {isa = PBXBuildFile; fileRef = DFC05F97230ED9BB00008CAD /* MaximizedDogPhotoCollectionViewCell.xib */; };
		F61DD2B022F3926700B31D4A /* AppDelegate.swift in Sources */ = {isa = PBXBuildFile; fileRef = F61DD2AF22F3926700B31D4A /* AppDelegate.swift */; };
		F61DD2B222F3926700B31D4A /* DashboardViewController.swift in Sources */ = {isa = PBXBuildFile; fileRef = F61DD2B122F3926700B31D4A /* DashboardViewController.swift */; };
		F61DD2B522F3926700B31D4A /* Main.storyboard in Resources */ = {isa = PBXBuildFile; fileRef = F61DD2B322F3926700B31D4A /* Main.storyboard */; };
		F61DD2B722F3926900B31D4A /* Assets.xcassets in Resources */ = {isa = PBXBuildFile; fileRef = F61DD2B622F3926900B31D4A /* Assets.xcassets */; };
		F61DD2BA22F3926900B31D4A /* LaunchScreen.storyboard in Resources */ = {isa = PBXBuildFile; fileRef = F61DD2B822F3926900B31D4A /* LaunchScreen.storyboard */; };
		F61DD2C222F392B600B31D4A /* dog_questions_multiple.json in Resources */ = {isa = PBXBuildFile; fileRef = F61DD2C122F392B600B31D4A /* dog_questions_multiple.json */; };
/* End PBXBuildFile section */

/* Begin PBXFileReference section */
		10B99F94DEB38DD3F8E386C8 /* Pods_Doggoh_Starter.framework */ = {isa = PBXFileReference; explicitFileType = wrapper.framework; includeInIndex = 0; path = Pods_Doggoh_Starter.framework; sourceTree = BUILT_PRODUCTS_DIR; };
		14B8FBF9722EBD958F657317 /* Pods-Doggoh-Starter.debug.xcconfig */ = {isa = PBXFileReference; includeInIndex = 1; lastKnownFileType = text.xcconfig; name = "Pods-Doggoh-Starter.debug.xcconfig"; path = "Target Support Files/Pods-Doggoh-Starter/Pods-Doggoh-Starter.debug.xcconfig"; sourceTree = "<group>"; };
		DF43FC6922F59C2300E7004A /* QuestionsPool.swift */ = {isa = PBXFileReference; lastKnownFileType = sourcecode.swift; path = QuestionsPool.swift; sourceTree = "<group>"; };
		DF676B8F231540AB00789D93 /* Doggoh.xcdatamodel */ = {isa = PBXFileReference; lastKnownFileType = wrapper.xcdatamodel; path = Doggoh.xcdatamodel; sourceTree = "<group>"; };
		DF676BFB2317AC8100789D93 /* Breed+CoreDataProperties.swift */ = {isa = PBXFileReference; lastKnownFileType = sourcecode.swift; name = "Breed+CoreDataProperties.swift"; path = "/Users/ancagrigoriu/Downloads/Doggoh-Starter 2/Doggoh-Starter/Model/Data/Breed+CoreDataProperties.swift"; sourceTree = "<absolute>"; };
		DF676BFC2317AC8100789D93 /* Breed+CoreDataClass.swift */ = {isa = PBXFileReference; lastKnownFileType = sourcecode.swift; name = "Breed+CoreDataClass.swift"; path = "/Users/ancagrigoriu/Downloads/Doggoh-Starter 2/Doggoh-Starter/Model/Data/Breed+CoreDataClass.swift"; sourceTree = "<absolute>"; };
		DF676BFD2317AC8100789D93 /* Dog+CoreDataClass.swift */ = {isa = PBXFileReference; lastKnownFileType = sourcecode.swift; name = "Dog+CoreDataClass.swift"; path = "/Users/ancagrigoriu/Downloads/Doggoh-Starter 2/Doggoh-Starter/Model/Data/Dog+CoreDataClass.swift"; sourceTree = "<absolute>"; };
		DF676BFE2317AC8100789D93 /* Dog+CoreDataProperties.swift */ = {isa = PBXFileReference; lastKnownFileType = sourcecode.swift; name = "Dog+CoreDataProperties.swift"; path = "/Users/ancagrigoriu/Downloads/Doggoh-Starter 2/Doggoh-Starter/Model/Data/Dog+CoreDataProperties.swift"; sourceTree = "<absolute>"; };
		DF676BFF2317AC8100789D93 /* BreedImage+CoreDataClass.swift */ = {isa = PBXFileReference; lastKnownFileType = sourcecode.swift; name = "BreedImage+CoreDataClass.swift"; path = "/Users/ancagrigoriu/Downloads/Doggoh-Starter 2/Doggoh-Starter/Model/Data/BreedImage+CoreDataClass.swift"; sourceTree = "<absolute>"; };
		DF676C002317AC8100789D93 /* Question+CoreDataClass.swift */ = {isa = PBXFileReference; lastKnownFileType = sourcecode.swift; name = "Question+CoreDataClass.swift"; path = "/Users/ancagrigoriu/Downloads/Doggoh-Starter 2/Doggoh-Starter/Model/Data/Question+CoreDataClass.swift"; sourceTree = "<absolute>"; };
		DF676C012317AC8200789D93 /* Question+CoreDataProperties.swift */ = {isa = PBXFileReference; lastKnownFileType = sourcecode.swift; name = "Question+CoreDataProperties.swift"; path = "/Users/ancagrigoriu/Downloads/Doggoh-Starter 2/Doggoh-Starter/Model/Data/Question+CoreDataProperties.swift"; sourceTree = "<absolute>"; };
		DF676C022317AC8200789D93 /* BreedImage+CoreDataProperties.swift */ = {isa = PBXFileReference; lastKnownFileType = sourcecode.swift; name = "BreedImage+CoreDataProperties.swift"; path = "/Users/ancagrigoriu/Downloads/Doggoh-Starter 2/Doggoh-Starter/Model/Data/BreedImage+CoreDataProperties.swift"; sourceTree = "<absolute>"; };
		DFA8015122F57C2F00FDAEBF /* BreedsTableViewController.swift */ = {isa = PBXFileReference; lastKnownFileType = sourcecode.swift; path = BreedsTableViewController.swift; sourceTree = "<group>"; };
		DFA8015322F57C6700FDAEBF /* DogProfileViewController.swift */ = {isa = PBXFileReference; lastKnownFileType = sourcecode.swift; path = DogProfileViewController.swift; sourceTree = "<group>"; };
		DFA8015522F57C7300FDAEBF /* QuizViewController.swift */ = {isa = PBXFileReference; lastKnownFileType = sourcecode.swift; path = QuizViewController.swift; sourceTree = "<group>"; };
		DFA8015822F57F4400FDAEBF /* QuestionViewController.swift */ = {isa = PBXFileReference; lastKnownFileType = sourcecode.swift; path = QuestionViewController.swift; sourceTree = "<group>"; };
		DFA8015C22F5863F00FDAEBF /* QuestionsRepository.swift */ = {isa = PBXFileReference; lastKnownFileType = sourcecode.swift; path = QuestionsRepository.swift; sourceTree = "<group>"; };
		DFA8015E22F586D300FDAEBF /* QuestionClass.swift */ = {isa = PBXFileReference; lastKnownFileType = sourcecode.swift; path = QuestionClass.swift; sourceTree = "<group>"; };
		DFC05E4C22F5B58E00008CAD /* QuizButton.swift */ = {isa = PBXFileReference; lastKnownFileType = sourcecode.swift; path = QuizButton.swift; sourceTree = "<group>"; };
		DFC05E4F22F5CFA700008CAD /* QuizCoordinator.swift */ = {isa = PBXFileReference; lastKnownFileType = sourcecode.swift; path = QuizCoordinator.swift; sourceTree = "<group>"; };
		DFC05E5F22F6092E00008CAD /* DoggohNavigationBar.swift */ = {isa = PBXFileReference; lastKnownFileType = sourcecode.swift; path = DoggohNavigationBar.swift; sourceTree = "<group>"; };
		DFC05E6122F6F42D00008CAD /* ResultsViewController.swift */ = {isa = PBXFileReference; lastKnownFileType = sourcecode.swift; path = ResultsViewController.swift; sourceTree = "<group>"; };
		DFC05E6522F73C4A00008CAD /* RoundedTabBar.swift */ = {isa = PBXFileReference; lastKnownFileType = sourcecode.swift; path = RoundedTabBar.swift; sourceTree = "<group>"; };
		DFC05E8722F9B18B00008CAD /* DogDescriptionButton.swift */ = {isa = PBXFileReference; lastKnownFileType = sourcecode.swift; path = DogDescriptionButton.swift; sourceTree = "<group>"; };
		DFC05E8922FAEF5400008CAD /* BreedClass.swift */ = {isa = PBXFileReference; lastKnownFileType = sourcecode.swift; path = BreedClass.swift; sourceTree = "<group>"; };
		DFC05E8D22FAF0AA00008CAD /* SubBreedTableViewCell.swift */ = {isa = PBXFileReference; lastKnownFileType = sourcecode.swift; path = SubBreedTableViewCell.swift; sourceTree = "<group>"; };
		DFC05E8E22FAF0AA00008CAD /* SubBreedTableViewCell.xib */ = {isa = PBXFileReference; lastKnownFileType = file.xib; path = SubBreedTableViewCell.xib; sourceTree = "<group>"; };
		DFC05E9822FAF75B00008CAD /* BreedsRepository.swift */ = {isa = PBXFileReference; lastKnownFileType = sourcecode.swift; path = BreedsRepository.swift; sourceTree = "<group>"; };
		DFC05E9A22FAF84C00008CAD /* alldogsresponse.json */ = {isa = PBXFileReference; fileEncoding = 4; lastKnownFileType = text.json; name = alldogsresponse.json; path = ../../alldogsresponse.json; sourceTree = "<group>"; };
		DFC05E9C22FAFBA700008CAD /* BreedTableViewCell.swift */ = {isa = PBXFileReference; lastKnownFileType = sourcecode.swift; path = BreedTableViewCell.swift; sourceTree = "<group>"; };
		DFC05E9D22FAFBA700008CAD /* BreedTableViewCell.xib */ = {isa = PBXFileReference; lastKnownFileType = file.xib; path = BreedTableViewCell.xib; sourceTree = "<group>"; };
		DFC05EA022FB0F5700008CAD /* DogsTableViewFooter.swift */ = {isa = PBXFileReference; lastKnownFileType = sourcecode.swift; path = DogsTableViewFooter.swift; sourceTree = "<group>"; };
		DFC05EA222FB0F7000008CAD /* DogsTableViewFooter.xib */ = {isa = PBXFileReference; lastKnownFileType = file.xib; path = DogsTableViewFooter.xib; sourceTree = "<group>"; };
		DFC05EA422FB114300008CAD /* DogsTableViewHeader.swift */ = {isa = PBXFileReference; lastKnownFileType = sourcecode.swift; path = DogsTableViewHeader.swift; sourceTree = "<group>"; };
		DFC05EA622FB115700008CAD /* DogsTableViewHeader.xib */ = {isa = PBXFileReference; lastKnownFileType = file.xib; path = DogsTableViewHeader.xib; sourceTree = "<group>"; };
		DFC05EA922FC33E800008CAD /* DogPictureTableViewCell.swift */ = {isa = PBXFileReference; lastKnownFileType = sourcecode.swift; path = DogPictureTableViewCell.swift; sourceTree = "<group>"; };
		DFC05EAA22FC33E800008CAD /* DogPictureTableViewCell.xib */ = {isa = PBXFileReference; lastKnownFileType = file.xib; path = DogPictureTableViewCell.xib; sourceTree = "<group>"; };
		DFC05EAF22FC350600008CAD /* DogProfileTableViewController.swift */ = {isa = PBXFileReference; lastKnownFileType = sourcecode.swift; path = DogProfileTableViewController.swift; sourceTree = "<group>"; };
		DFC05EB122FC357400008CAD /* AgeTableViewCell.swift */ = {isa = PBXFileReference; lastKnownFileType = sourcecode.swift; path = AgeTableViewCell.swift; sourceTree = "<group>"; };
		DFC05EB222FC357400008CAD /* AgeTableViewCell.xib */ = {isa = PBXFileReference; lastKnownFileType = file.xib; path = AgeTableViewCell.xib; sourceTree = "<group>"; };
		DFC05EB522FC367000008CAD /* GenderTableViewCell.swift */ = {isa = PBXFileReference; lastKnownFileType = sourcecode.swift; path = GenderTableViewCell.swift; sourceTree = "<group>"; };
		DFC05EB622FC367000008CAD /* GenderTableViewCell.xib */ = {isa = PBXFileReference; lastKnownFileType = file.xib; path = GenderTableViewCell.xib; sourceTree = "<group>"; };
		DFC05EBA22FC375A00008CAD /* CharacterTableViewCell.swift */ = {isa = PBXFileReference; lastKnownFileType = sourcecode.swift; path = CharacterTableViewCell.swift; sourceTree = "<group>"; };
		DFC05EBB22FC375A00008CAD /* CharacterTableViewCell.xib */ = {isa = PBXFileReference; lastKnownFileType = file.xib; path = CharacterTableViewCell.xib; sourceTree = "<group>"; };
		DFC05EC022FC3DF500008CAD /* DogClass.swift */ = {isa = PBXFileReference; lastKnownFileType = sourcecode.swift; path = DogClass.swift; sourceTree = "<group>"; };
		DFC05EC222FC3F9A00008CAD /* Dogs.plist */ = {isa = PBXFileReference; fileEncoding = 4; lastKnownFileType = text.plist.xml; name = Dogs.plist; path = ../../Dogs.plist; sourceTree = "<group>"; };
		DFC05EC522FC40A400008CAD /* PinterestLayout.swift */ = {isa = PBXFileReference; lastKnownFileType = sourcecode.swift; path = PinterestLayout.swift; sourceTree = "<group>"; };
		DFC05EC722FC412E00008CAD /* DogCollectionViewCell.swift */ = {isa = PBXFileReference; lastKnownFileType = sourcecode.swift; path = DogCollectionViewCell.swift; sourceTree = "<group>"; };
		DFC05EC822FC412E00008CAD /* DogCollectionViewCell.xib */ = {isa = PBXFileReference; lastKnownFileType = file.xib; path = DogCollectionViewCell.xib; sourceTree = "<group>"; };
		DFC05ECB22FC58F900008CAD /* CharacterCollectionViewCell.swift */ = {isa = PBXFileReference; lastKnownFileType = sourcecode.swift; path = CharacterCollectionViewCell.swift; sourceTree = "<group>"; };
		DFC05ECC22FC58F900008CAD /* CharacterCollectionViewCell.xib */ = {isa = PBXFileReference; lastKnownFileType = file.xib; path = CharacterCollectionViewCell.xib; sourceTree = "<group>"; };
		DFC05ED022FC5CC500008CAD /* DogProfileCharacterLayout.swift */ = {isa = PBXFileReference; lastKnownFileType = sourcecode.swift; path = DogProfileCharacterLayout.swift; sourceTree = "<group>"; };
		DFC05F39230AABE200008CAD /* BreedDetailsViewController.swift */ = {isa = PBXFileReference; lastKnownFileType = sourcecode.swift; path = BreedDetailsViewController.swift; sourceTree = "<group>"; };
		DFC05F3C230AC6D300008CAD /* NetworkManager.swift */ = {isa = PBXFileReference; lastKnownFileType = sourcecode.swift; path = NetworkManager.swift; sourceTree = "<group>"; };
		DFC05F3E230AC73100008CAD /* DogAPIClient.swift */ = {isa = PBXFileReference; lastKnownFileType = sourcecode.swift; path = DogAPIClient.swift; sourceTree = "<group>"; };
		DFC05F40230AC75900008CAD /* AllDogsResponse.swift */ = {isa = PBXFileReference; lastKnownFileType = sourcecode.swift; path = AllDogsResponse.swift; sourceTree = "<group>"; };
		DFC05F42230AC7AD00008CAD /* DogResponse.swift */ = {isa = PBXFileReference; lastKnownFileType = sourcecode.swift; path = DogResponse.swift; sourceTree = "<group>"; };
		DFC05F44230ACFA400008CAD /* DogImagesRepository.swift */ = {isa = PBXFileReference; lastKnownFileType = sourcecode.swift; path = DogImagesRepository.swift; sourceTree = "<group>"; };
		DFC05F46230AD02700008CAD /* DogImageResponse.swift */ = {isa = PBXFileReference; lastKnownFileType = sourcecode.swift; path = DogImageResponse.swift; sourceTree = "<group>"; };
		DFC05F4B230BCBE000008CAD /* BreedDetailsCollectionViewCell.swift */ = {isa = PBXFileReference; lastKnownFileType = sourcecode.swift; path = BreedDetailsCollectionViewCell.swift; sourceTree = "<group>"; };
		DFC05F4C230BCBE000008CAD /* BreedDetailsCollectionViewCell.xib */ = {isa = PBXFileReference; lastKnownFileType = file.xib; path = BreedDetailsCollectionViewCell.xib; sourceTree = "<group>"; };
		DFC05F4F230BD49400008CAD /* MultipleDogImagesResponse.swift */ = {isa = PBXFileReference; lastKnownFileType = sourcecode.swift; path = MultipleDogImagesResponse.swift; sourceTree = "<group>"; };
		DFC05F51230C0D1700008CAD /* DoggohAPIClient.swift */ = {isa = PBXFileReference; lastKnownFileType = sourcecode.swift; path = DoggohAPIClient.swift; sourceTree = "<group>"; };
		DFC05F53230C174E00008CAD /* ImaggaAPIClient.swift */ = {isa = PBXFileReference; lastKnownFileType = sourcecode.swift; path = ImaggaAPIClient.swift; sourceTree = "<group>"; };
		DFC05F59230C183800008CAD /* TagsResponse.swift */ = {isa = PBXFileReference; lastKnownFileType = sourcecode.swift; path = TagsResponse.swift; sourceTree = "<group>"; };
		DFC05F96230ED9BB00008CAD /* MaximizedDogPhotoCollectionViewCell.swift */ = {isa = PBXFileReference; lastKnownFileType = sourcecode.swift; path = MaximizedDogPhotoCollectionViewCell.swift; sourceTree = "<group>"; };
		DFC05F97230ED9BB00008CAD /* MaximizedDogPhotoCollectionViewCell.xib */ = {isa = PBXFileReference; lastKnownFileType = file.xib; path = MaximizedDogPhotoCollectionViewCell.xib; sourceTree = "<group>"; };
		E6DC2F7D430D0847668FBB31 /* Pods-Doggoh-Starter.release.xcconfig */ = {isa = PBXFileReference; includeInIndex = 1; lastKnownFileType = text.xcconfig; name = "Pods-Doggoh-Starter.release.xcconfig"; path = "Target Support Files/Pods-Doggoh-Starter/Pods-Doggoh-Starter.release.xcconfig"; sourceTree = "<group>"; };
		F61DD2AC22F3926700B31D4A /* Doggoh-Starter.app */ = {isa = PBXFileReference; explicitFileType = wrapper.application; includeInIndex = 0; path = "Doggoh-Starter.app"; sourceTree = BUILT_PRODUCTS_DIR; };
		F61DD2AF22F3926700B31D4A /* AppDelegate.swift */ = {isa = PBXFileReference; lastKnownFileType = sourcecode.swift; path = AppDelegate.swift; sourceTree = "<group>"; };
		F61DD2B122F3926700B31D4A /* DashboardViewController.swift */ = {isa = PBXFileReference; lastKnownFileType = sourcecode.swift; path = DashboardViewController.swift; sourceTree = "<group>"; };
		F61DD2B422F3926700B31D4A /* Base */ = {isa = PBXFileReference; lastKnownFileType = file.storyboard; name = Base; path = Base.lproj/Main.storyboard; sourceTree = "<group>"; };
		F61DD2B622F3926900B31D4A /* Assets.xcassets */ = {isa = PBXFileReference; lastKnownFileType = folder.assetcatalog; path = Assets.xcassets; sourceTree = "<group>"; };
		F61DD2B922F3926900B31D4A /* Base */ = {isa = PBXFileReference; lastKnownFileType = file.storyboard; name = Base; path = Base.lproj/LaunchScreen.storyboard; sourceTree = "<group>"; };
		F61DD2BB22F3926900B31D4A /* Info.plist */ = {isa = PBXFileReference; lastKnownFileType = text.plist.xml; path = Info.plist; sourceTree = "<group>"; };
		F61DD2C122F392B600B31D4A /* dog_questions_multiple.json */ = {isa = PBXFileReference; fileEncoding = 4; lastKnownFileType = text.json; path = dog_questions_multiple.json; sourceTree = "<group>"; };
		F6693CCE22F4974D00CD3720 /* MontserratAlternates-Regular.ttf */ = {isa = PBXFileReference; lastKnownFileType = file; path = "MontserratAlternates-Regular.ttf"; sourceTree = "<group>"; };
		F6693CCF22F4974D00CD3720 /* Montserrat-Regular.ttf */ = {isa = PBXFileReference; lastKnownFileType = file; path = "Montserrat-Regular.ttf"; sourceTree = "<group>"; };
		F6693CD022F4974D00CD3720 /* MontserratAlternates-Bold.ttf */ = {isa = PBXFileReference; lastKnownFileType = file; path = "MontserratAlternates-Bold.ttf"; sourceTree = "<group>"; };
		F6693CD122F4974D00CD3720 /* Montserrat-Bold.ttf */ = {isa = PBXFileReference; lastKnownFileType = file; path = "Montserrat-Bold.ttf"; sourceTree = "<group>"; };
		F6693CD222F4975B00CD3720 /* OpenSans-Bold.ttf */ = {isa = PBXFileReference; lastKnownFileType = file; path = "OpenSans-Bold.ttf"; sourceTree = "<group>"; };
		F6693CD322F4975B00CD3720 /* OpenSans-Italic.ttf */ = {isa = PBXFileReference; lastKnownFileType = file; path = "OpenSans-Italic.ttf"; sourceTree = "<group>"; };
		F6693CD422F4975B00CD3720 /* OpenSans-Regular.ttf */ = {isa = PBXFileReference; lastKnownFileType = file; path = "OpenSans-Regular.ttf"; sourceTree = "<group>"; };
		F6693CD522F4975B00CD3720 /* OpenSans-LightItalic.ttf */ = {isa = PBXFileReference; lastKnownFileType = file; path = "OpenSans-LightItalic.ttf"; sourceTree = "<group>"; };
		F6693CD622F4975B00CD3720 /* OpenSans-Semibold.ttf */ = {isa = PBXFileReference; lastKnownFileType = file; path = "OpenSans-Semibold.ttf"; sourceTree = "<group>"; };
		F6693CD722F4975B00CD3720 /* OpenSans-BoldItalic.ttf */ = {isa = PBXFileReference; lastKnownFileType = file; path = "OpenSans-BoldItalic.ttf"; sourceTree = "<group>"; };
		F6693CD822F4975B00CD3720 /* OpenSans-ExtraBoldItalic.ttf */ = {isa = PBXFileReference; lastKnownFileType = file; path = "OpenSans-ExtraBoldItalic.ttf"; sourceTree = "<group>"; };
		F6693CD922F4975B00CD3720 /* OpenSans-Light.ttf */ = {isa = PBXFileReference; lastKnownFileType = file; path = "OpenSans-Light.ttf"; sourceTree = "<group>"; };
		F6693CDA22F4975B00CD3720 /* OpenSans-ExtraBold.ttf */ = {isa = PBXFileReference; lastKnownFileType = file; path = "OpenSans-ExtraBold.ttf"; sourceTree = "<group>"; };
		F6693CDB22F4975B00CD3720 /* OpenSans-SemiboldItalic.ttf */ = {isa = PBXFileReference; lastKnownFileType = file; path = "OpenSans-SemiboldItalic.ttf"; sourceTree = "<group>"; };
/* End PBXFileReference section */

/* Begin PBXFrameworksBuildPhase section */
		F61DD2A922F3926700B31D4A /* Frameworks */ = {
			isa = PBXFrameworksBuildPhase;
			buildActionMask = 2147483647;
			files = (
				73660763680CD60CFD37554E /* Pods_Doggoh_Starter.framework in Frameworks */,
			);
			runOnlyForDeploymentPostprocessing = 0;
		};
/* End PBXFrameworksBuildPhase section */

/* Begin PBXGroup section */
		2A9F9CCAD6137AAC2435D506 /* Frameworks */ = {
			isa = PBXGroup;
			children = (
				10B99F94DEB38DD3F8E386C8 /* Pods_Doggoh_Starter.framework */,
			);
			name = Frameworks;
			sourceTree = "<group>";
		};
		964B8197FC5E26F4BD932133 /* Pods */ = {
			isa = PBXGroup;
			children = (
				14B8FBF9722EBD958F657317 /* Pods-Doggoh-Starter.debug.xcconfig */,
				E6DC2F7D430D0847668FBB31 /* Pods-Doggoh-Starter.release.xcconfig */,
			);
			path = Pods;
			sourceTree = "<group>";
		};
		DFA8014F22F56C8000FDAEBF /* View */ = {
			isa = PBXGroup;
			children = (
				DFC05EC422FC407000008CAD /* Dashboard */,
				DFC05EBE22FC37F000008CAD /* Quiz */,
				DFC05EAE22FC349800008CAD /* BreedsList */,
				DFC05EAD22FC348600008CAD /* DogProfile */,
				DFC05E5F22F6092E00008CAD /* DoggohNavigationBar.swift */,
				DFC05E6522F73C4A00008CAD /* RoundedTabBar.swift */,
				DFC05E8722F9B18B00008CAD /* DogDescriptionButton.swift */,
				DFC05EA022FB0F5700008CAD /* DogsTableViewFooter.swift */,
				DFC05EA222FB0F7000008CAD /* DogsTableViewFooter.xib */,
			);
			path = View;
			sourceTree = "<group>";
		};
		DFA8015022F56C8700FDAEBF /* Controller */ = {
			isa = PBXGroup;
			children = (
				DFC05EBF22FC3DC400008CAD /* Dashboard */,
				DFC05EB922FC373A00008CAD /* DogProfile */,
				DFC05E9122FAF30E00008CAD /* BreedsList */,
				DFA8015722F57F0C00FDAEBF /* Quiz */,
				DFA8015322F57C6700FDAEBF /* DogProfileViewController.swift */,
			);
			path = Controller;
			sourceTree = "<group>";
		};
		DFA8015722F57F0C00FDAEBF /* Quiz */ = {
			isa = PBXGroup;
			children = (
				DFA8015522F57C7300FDAEBF /* QuizViewController.swift */,
				DFA8015822F57F4400FDAEBF /* QuestionViewController.swift */,
				DFC05E6122F6F42D00008CAD /* ResultsViewController.swift */,
			);
			path = Quiz;
			sourceTree = "<group>";
		};
		DFA8015A22F5861F00FDAEBF /* Model */ = {
			isa = PBXGroup;
			children = (
				DFC05F56230C17E000008CAD /* Data */,
				DFC05F55230C17D800008CAD /* Networking */,
			);
			path = Model;
			sourceTree = "<group>";
		};
		DFA8015B22F5862700FDAEBF /* Repository */ = {
			isa = PBXGroup;
			children = (
				DFA8015C22F5863F00FDAEBF /* QuestionsRepository.swift */,
				DFC05E9822FAF75B00008CAD /* BreedsRepository.swift */,
				DFC05F44230ACFA400008CAD /* DogImagesRepository.swift */,
			);
			path = Repository;
			sourceTree = "<group>";
		};
		DFC05E4E22F5CF9400008CAD /* Coordinator */ = {
			isa = PBXGroup;
			children = (
				DFC05E4F22F5CFA700008CAD /* QuizCoordinator.swift */,
			);
			path = Coordinator;
			sourceTree = "<group>";
		};
		DFC05E9122FAF30E00008CAD /* BreedsList */ = {
			isa = PBXGroup;
			children = (
				DFA8015122F57C2F00FDAEBF /* BreedsTableViewController.swift */,
				DFC05F39230AABE200008CAD /* BreedDetailsViewController.swift */,
			);
			path = BreedsList;
			sourceTree = "<group>";
		};
		DFC05EAD22FC348600008CAD /* DogProfile */ = {
			isa = PBXGroup;
			children = (
				DFC05F1422FEB96D00008CAD /* DogPicture */,
				DFC05F1622FEB99400008CAD /* Age */,
				DFC05F1722FEB9A700008CAD /* Gender */,
				DFC05F1822FEB9B500008CAD /* Character */,
			);
			path = DogProfile;
			sourceTree = "<group>";
		};
		DFC05EAE22FC349800008CAD /* BreedsList */ = {
			isa = PBXGroup;
			children = (
				DFC05F4A230BCBAE00008CAD /* Details */,
				DFC05F49230BCBA800008CAD /* List */,
			);
			path = BreedsList;
			sourceTree = "<group>";
		};
		DFC05EB922FC373A00008CAD /* DogProfile */ = {
			isa = PBXGroup;
			children = (
				DFC05EAF22FC350600008CAD /* DogProfileTableViewController.swift */,
			);
			path = DogProfile;
			sourceTree = "<group>";
		};
		DFC05EBE22FC37F000008CAD /* Quiz */ = {
			isa = PBXGroup;
			children = (
				DFC05E4C22F5B58E00008CAD /* QuizButton.swift */,
			);
			path = Quiz;
			sourceTree = "<group>";
		};
		DFC05EBF22FC3DC400008CAD /* Dashboard */ = {
			isa = PBXGroup;
			children = (
				F61DD2B122F3926700B31D4A /* DashboardViewController.swift */,
			);
			path = Dashboard;
			sourceTree = "<group>";
		};
		DFC05EC422FC407000008CAD /* Dashboard */ = {
			isa = PBXGroup;
			children = (
				DFC05EC522FC40A400008CAD /* PinterestLayout.swift */,
				DFC05EC722FC412E00008CAD /* DogCollectionViewCell.swift */,
				DFC05EC822FC412E00008CAD /* DogCollectionViewCell.xib */,
			);
			path = Dashboard;
			sourceTree = "<group>";
		};
		DFC05F1422FEB96D00008CAD /* DogPicture */ = {
			isa = PBXGroup;
			children = (
				DFC05EA922FC33E800008CAD /* DogPictureTableViewCell.swift */,
				DFC05EAA22FC33E800008CAD /* DogPictureTableViewCell.xib */,
			);
			path = DogPicture;
			sourceTree = "<group>";
		};
		DFC05F1622FEB99400008CAD /* Age */ = {
			isa = PBXGroup;
			children = (
				DFC05EB122FC357400008CAD /* AgeTableViewCell.swift */,
				DFC05EB222FC357400008CAD /* AgeTableViewCell.xib */,
			);
			path = Age;
			sourceTree = "<group>";
		};
		DFC05F1722FEB9A700008CAD /* Gender */ = {
			isa = PBXGroup;
			children = (
				DFC05EB522FC367000008CAD /* GenderTableViewCell.swift */,
				DFC05EB622FC367000008CAD /* GenderTableViewCell.xib */,
			);
			path = Gender;
			sourceTree = "<group>";
		};
		DFC05F1822FEB9B500008CAD /* Character */ = {
			isa = PBXGroup;
			children = (
				DFC05EBA22FC375A00008CAD /* CharacterTableViewCell.swift */,
				DFC05EBB22FC375A00008CAD /* CharacterTableViewCell.xib */,
				DFC05ECB22FC58F900008CAD /* CharacterCollectionViewCell.swift */,
				DFC05ECC22FC58F900008CAD /* CharacterCollectionViewCell.xib */,
				DFC05ED022FC5CC500008CAD /* DogProfileCharacterLayout.swift */,
			);
			path = Character;
			sourceTree = "<group>";
		};
		DFC05F3B230AC6C100008CAD /* Network */ = {
			isa = PBXGroup;
			children = (
				DFC05F3C230AC6D300008CAD /* NetworkManager.swift */,
				DFC05F3E230AC73100008CAD /* DogAPIClient.swift */,
				DFC05F51230C0D1700008CAD /* DoggohAPIClient.swift */,
				DFC05F53230C174E00008CAD /* ImaggaAPIClient.swift */,
			);
			path = Network;
			sourceTree = "<group>";
		};
		DFC05F49230BCBA800008CAD /* List */ = {
			isa = PBXGroup;
			children = (
				DFC05E8D22FAF0AA00008CAD /* SubBreedTableViewCell.swift */,
				DFC05E8E22FAF0AA00008CAD /* SubBreedTableViewCell.xib */,
				DFC05E9C22FAFBA700008CAD /* BreedTableViewCell.swift */,
				DFC05E9D22FAFBA700008CAD /* BreedTableViewCell.xib */,
				DFC05EA422FB114300008CAD /* DogsTableViewHeader.swift */,
				DFC05EA622FB115700008CAD /* DogsTableViewHeader.xib */,
			);
			path = List;
			sourceTree = "<group>";
		};
		DFC05F4A230BCBAE00008CAD /* Details */ = {
			isa = PBXGroup;
			children = (
				DFC05F4B230BCBE000008CAD /* BreedDetailsCollectionViewCell.swift */,
				DFC05F4C230BCBE000008CAD /* BreedDetailsCollectionViewCell.xib */,
				DFC05F96230ED9BB00008CAD /* MaximizedDogPhotoCollectionViewCell.swift */,
				DFC05F97230ED9BB00008CAD /* MaximizedDogPhotoCollectionViewCell.xib */,
			);
			path = Details;
			sourceTree = "<group>";
		};
		DFC05F55230C17D800008CAD /* Networking */ = {
			isa = PBXGroup;
			children = (
				DFC05F40230AC75900008CAD /* AllDogsResponse.swift */,
				DFC05F42230AC7AD00008CAD /* DogResponse.swift */,
				DFC05F46230AD02700008CAD /* DogImageResponse.swift */,
				DFC05F4F230BD49400008CAD /* MultipleDogImagesResponse.swift */,
				DFC05F59230C183800008CAD /* TagsResponse.swift */,
			);
			path = Networking;
			sourceTree = "<group>";
		};
		DFC05F56230C17E000008CAD /* Data */ = {
			isa = PBXGroup;
			children = (
				DF676C002317AC8100789D93 /* Question+CoreDataClass.swift */,
				DF676C012317AC8200789D93 /* Question+CoreDataProperties.swift */,
				DF676BFC2317AC8100789D93 /* Breed+CoreDataClass.swift */,
				DF676BFB2317AC8100789D93 /* Breed+CoreDataProperties.swift */,
				DF676BFD2317AC8100789D93 /* Dog+CoreDataClass.swift */,
				DF676BFE2317AC8100789D93 /* Dog+CoreDataProperties.swift */,
				DF676BFF2317AC8100789D93 /* BreedImage+CoreDataClass.swift */,
				DF676C022317AC8200789D93 /* BreedImage+CoreDataProperties.swift */,
				DFA8015E22F586D300FDAEBF /* QuestionClass.swift */,
				DF43FC6922F59C2300E7004A /* QuestionsPool.swift */,
				DFC05E8922FAEF5400008CAD /* BreedClass.swift */,
				DFC05EC022FC3DF500008CAD /* DogClass.swift */,
			);
			path = Data;
			sourceTree = "<group>";
		};
		F61DD2A322F3926700B31D4A = {
			isa = PBXGroup;
			children = (
				DF676B8E231540AB00789D93 /* Doggoh.xcdatamodeld */,
				F61DD2AE22F3926700B31D4A /* Doggoh-Starter */,
				F61DD2AD22F3926700B31D4A /* Products */,
				964B8197FC5E26F4BD932133 /* Pods */,
				2A9F9CCAD6137AAC2435D506 /* Frameworks */,
			);
			sourceTree = "<group>";
		};
		F61DD2AD22F3926700B31D4A /* Products */ = {
			isa = PBXGroup;
			children = (
				F61DD2AC22F3926700B31D4A /* Doggoh-Starter.app */,
			);
			name = Products;
			sourceTree = "<group>";
		};
		F61DD2AE22F3926700B31D4A /* Doggoh-Starter */ = {
			isa = PBXGroup;
			children = (
				DFC05F3B230AC6C100008CAD /* Network */,
				DFC05E4E22F5CF9400008CAD /* Coordinator */,
				DFA8015B22F5862700FDAEBF /* Repository */,
				DFA8015A22F5861F00FDAEBF /* Model */,
				DFA8015022F56C8700FDAEBF /* Controller */,
				DFA8014F22F56C8000FDAEBF /* View */,
				F6693CCC22F4973600CD3720 /* Resources */,
				F61DD2AF22F3926700B31D4A /* AppDelegate.swift */,
				F61DD2B322F3926700B31D4A /* Main.storyboard */,
				F61DD2B622F3926900B31D4A /* Assets.xcassets */,
				F61DD2B822F3926900B31D4A /* LaunchScreen.storyboard */,
				DFC05EC222FC3F9A00008CAD /* Dogs.plist */,
				F61DD2BB22F3926900B31D4A /* Info.plist */,
				F61DD2C122F392B600B31D4A /* dog_questions_multiple.json */,
				DFC05E9A22FAF84C00008CAD /* alldogsresponse.json */,
			);
			path = "Doggoh-Starter";
			sourceTree = "<group>";
		};
		F6693CCC22F4973600CD3720 /* Resources */ = {
			isa = PBXGroup;
			children = (
				F6693CCD22F4973D00CD3720 /* Fonts */,
			);
			path = Resources;
			sourceTree = "<group>";
		};
		F6693CCD22F4973D00CD3720 /* Fonts */ = {
			isa = PBXGroup;
			children = (
				F6693CD122F4974D00CD3720 /* Montserrat-Bold.ttf */,
				F6693CCF22F4974D00CD3720 /* Montserrat-Regular.ttf */,
				F6693CD022F4974D00CD3720 /* MontserratAlternates-Bold.ttf */,
				F6693CCE22F4974D00CD3720 /* MontserratAlternates-Regular.ttf */,
				F6693CD222F4975B00CD3720 /* OpenSans-Bold.ttf */,
				F6693CD722F4975B00CD3720 /* OpenSans-BoldItalic.ttf */,
				F6693CDA22F4975B00CD3720 /* OpenSans-ExtraBold.ttf */,
				F6693CD822F4975B00CD3720 /* OpenSans-ExtraBoldItalic.ttf */,
				F6693CD322F4975B00CD3720 /* OpenSans-Italic.ttf */,
				F6693CD922F4975B00CD3720 /* OpenSans-Light.ttf */,
				F6693CD522F4975B00CD3720 /* OpenSans-LightItalic.ttf */,
				F6693CD422F4975B00CD3720 /* OpenSans-Regular.ttf */,
				F6693CD622F4975B00CD3720 /* OpenSans-Semibold.ttf */,
				F6693CDB22F4975B00CD3720 /* OpenSans-SemiboldItalic.ttf */,
			);
			path = Fonts;
			sourceTree = "<group>";
		};
/* End PBXGroup section */

/* Begin PBXNativeTarget section */
		F61DD2AB22F3926700B31D4A /* Doggoh-Starter */ = {
			isa = PBXNativeTarget;
			buildConfigurationList = F61DD2BE22F3926900B31D4A /* Build configuration list for PBXNativeTarget "Doggoh-Starter" */;
			buildPhases = (
				4DD0686C5D7973DA5FF22795 /* [CP] Check Pods Manifest.lock */,
				F61DD2A822F3926700B31D4A /* Sources */,
				F61DD2A922F3926700B31D4A /* Frameworks */,
				F61DD2AA22F3926700B31D4A /* Resources */,
				4F03C207F12CD3992076C24A /* [CP] Embed Pods Frameworks */,
			);
			buildRules = (
			);
			dependencies = (
			);
			name = "Doggoh-Starter";
			productName = "Doggoh-Starter";
			productReference = F61DD2AC22F3926700B31D4A /* Doggoh-Starter.app */;
			productType = "com.apple.product-type.application";
		};
/* End PBXNativeTarget section */

/* Begin PBXProject section */
		F61DD2A422F3926700B31D4A /* Project object */ = {
			isa = PBXProject;
			attributes = {
				LastSwiftUpdateCheck = 1020;
				LastUpgradeCheck = 1020;
				ORGANIZATIONNAME = "Endava Internship 2019";
				TargetAttributes = {
					F61DD2AB22F3926700B31D4A = {
						CreatedOnToolsVersion = 10.2;
					};
				};
			};
			buildConfigurationList = F61DD2A722F3926700B31D4A /* Build configuration list for PBXProject "Doggoh-Starter" */;
			compatibilityVersion = "Xcode 9.3";
			developmentRegion = en;
			hasScannedForEncodings = 0;
			knownRegions = (
				en,
				Base,
			);
			mainGroup = F61DD2A322F3926700B31D4A;
			productRefGroup = F61DD2AD22F3926700B31D4A /* Products */;
			projectDirPath = "";
			projectRoot = "";
			targets = (
				F61DD2AB22F3926700B31D4A /* Doggoh-Starter */,
			);
		};
/* End PBXProject section */

/* Begin PBXResourcesBuildPhase section */
		F61DD2AA22F3926700B31D4A /* Resources */ = {
			isa = PBXResourcesBuildPhase;
			buildActionMask = 2147483647;
			files = (
				DFC05EC322FC3F9A00008CAD /* Dogs.plist in Resources */,
				DFC05E5122F5F65500008CAD /* Montserrat-Bold.ttf in Resources */,
				DFC05E5222F5F65500008CAD /* Montserrat-Regular.ttf in Resources */,
				DFC05E5322F5F65500008CAD /* MontserratAlternates-Bold.ttf in Resources */,
				DFC05E5422F5F65500008CAD /* MontserratAlternates-Regular.ttf in Resources */,
				DFC05EB822FC367000008CAD /* GenderTableViewCell.xib in Resources */,
				DFC05E5522F5F65500008CAD /* OpenSans-Bold.ttf in Resources */,
				DFC05E5622F5F65500008CAD /* OpenSans-BoldItalic.ttf in Resources */,
				DFC05EA722FB115700008CAD /* DogsTableViewHeader.xib in Resources */,
				DFC05E5722F5F65500008CAD /* OpenSans-ExtraBold.ttf in Resources */,
				DFC05E5822F5F65500008CAD /* OpenSans-ExtraBoldItalic.ttf in Resources */,
				DFC05F99230ED9BB00008CAD /* MaximizedDogPhotoCollectionViewCell.xib in Resources */,
				DFC05E5922F5F65500008CAD /* OpenSans-Italic.ttf in Resources */,
				DFC05EA322FB0F7000008CAD /* DogsTableViewFooter.xib in Resources */,
				DFC05EBD22FC375A00008CAD /* CharacterTableViewCell.xib in Resources */,
				DFC05ECA22FC412E00008CAD /* DogCollectionViewCell.xib in Resources */,
				DFC05EB422FC357400008CAD /* AgeTableViewCell.xib in Resources */,
				DFC05E9B22FAF84C00008CAD /* alldogsresponse.json in Resources */,
				DFC05E5A22F5F65500008CAD /* OpenSans-Light.ttf in Resources */,
				DFC05E5B22F5F65500008CAD /* OpenSans-LightItalic.ttf in Resources */,
				DFC05E9022FAF0AA00008CAD /* SubBreedTableViewCell.xib in Resources */,
				DFC05E5C22F5F65500008CAD /* OpenSans-Regular.ttf in Resources */,
				DFC05E5D22F5F65500008CAD /* OpenSans-Semibold.ttf in Resources */,
				DFC05F4E230BCBE000008CAD /* BreedDetailsCollectionViewCell.xib in Resources */,
				DFC05E5E22F5F65500008CAD /* OpenSans-SemiboldItalic.ttf in Resources */,
				F61DD2BA22F3926900B31D4A /* LaunchScreen.storyboard in Resources */,
				F61DD2B722F3926900B31D4A /* Assets.xcassets in Resources */,
				DFC05E9F22FAFBA700008CAD /* BreedTableViewCell.xib in Resources */,
				DFC05EAC22FC33E800008CAD /* DogPictureTableViewCell.xib in Resources */,
				F61DD2C222F392B600B31D4A /* dog_questions_multiple.json in Resources */,
				DFC05ECE22FC58F900008CAD /* CharacterCollectionViewCell.xib in Resources */,
				F61DD2B522F3926700B31D4A /* Main.storyboard in Resources */,
			);
			runOnlyForDeploymentPostprocessing = 0;
		};
/* End PBXResourcesBuildPhase section */

/* Begin PBXShellScriptBuildPhase section */
		4DD0686C5D7973DA5FF22795 /* [CP] Check Pods Manifest.lock */ = {
			isa = PBXShellScriptBuildPhase;
			buildActionMask = 2147483647;
			files = (
			);
			inputFileListPaths = (
			);
			inputPaths = (
				"${PODS_PODFILE_DIR_PATH}/Podfile.lock",
				"${PODS_ROOT}/Manifest.lock",
			);
			name = "[CP] Check Pods Manifest.lock";
			outputFileListPaths = (
			);
			outputPaths = (
				"$(DERIVED_FILE_DIR)/Pods-Doggoh-Starter-checkManifestLockResult.txt",
			);
			runOnlyForDeploymentPostprocessing = 0;
			shellPath = /bin/sh;
			shellScript = "diff \"${PODS_PODFILE_DIR_PATH}/Podfile.lock\" \"${PODS_ROOT}/Manifest.lock\" > /dev/null\nif [ $? != 0 ] ; then\n    # print error to STDERR\n    echo \"error: The sandbox is not in sync with the Podfile.lock. Run 'pod install' or update your CocoaPods installation.\" >&2\n    exit 1\nfi\n# This output is used by Xcode 'outputs' to avoid re-running this script phase.\necho \"SUCCESS\" > \"${SCRIPT_OUTPUT_FILE_0}\"\n";
			showEnvVarsInLog = 0;
		};
		4F03C207F12CD3992076C24A /* [CP] Embed Pods Frameworks */ = {
			isa = PBXShellScriptBuildPhase;
			buildActionMask = 2147483647;
			files = (
			);
			inputFileListPaths = (
				"${PODS_ROOT}/Target Support Files/Pods-Doggoh-Starter/Pods-Doggoh-Starter-frameworks-${CONFIGURATION}-input-files.xcfilelist",
			);
			name = "[CP] Embed Pods Frameworks";
			outputFileListPaths = (
				"${PODS_ROOT}/Target Support Files/Pods-Doggoh-Starter/Pods-Doggoh-Starter-frameworks-${CONFIGURATION}-output-files.xcfilelist",
			);
			runOnlyForDeploymentPostprocessing = 0;
			shellPath = /bin/sh;
			shellScript = "\"${PODS_ROOT}/Target Support Files/Pods-Doggoh-Starter/Pods-Doggoh-Starter-frameworks.sh\"\n";
			showEnvVarsInLog = 0;
		};
/* End PBXShellScriptBuildPhase section */

/* Begin PBXSourcesBuildPhase section */
		F61DD2A822F3926700B31D4A /* Sources */ = {
			isa = PBXSourcesBuildPhase;
			buildActionMask = 2147483647;
			files = (
				DFA8015D22F5863F00FDAEBF /* QuestionsRepository.swift in Sources */,
				DFC05F45230ACFA400008CAD /* DogImagesRepository.swift in Sources */,
				DFC05F43230AC7AD00008CAD /* DogResponse.swift in Sources */,
				DF676C042317AC8200789D93 /* BreedImage+CoreDataClass.swift in Sources */,
				DFC05EAB22FC33E800008CAD /* DogPictureTableViewCell.swift in Sources */,
				DFA8015F22F586D300FDAEBF /* QuestionClass.swift in Sources */,
				DFC05F4D230BCBE000008CAD /* BreedDetailsCollectionViewCell.swift in Sources */,
				DFC05EA522FB114300008CAD /* DogsTableViewHeader.swift in Sources */,
				DFC05F3A230AABE200008CAD /* BreedDetailsViewController.swift in Sources */,
				F61DD2B222F3926700B31D4A /* DashboardViewController.swift in Sources */,
				DF676C062317AC8200789D93 /* Question+CoreDataProperties.swift in Sources */,
				DF676B90231540AB00789D93 /* Doggoh.xcdatamodeld in Sources */,
				DF676C032317AC8200789D93 /* Dog+CoreDataClass.swift in Sources */,
				DFC05E6622F73C4A00008CAD /* RoundedTabBar.swift in Sources */,
				DFC05F52230C0D1700008CAD /* DoggohAPIClient.swift in Sources */,
				DFC05F98230ED9BB00008CAD /* MaximizedDogPhotoCollectionViewCell.swift in Sources */,
				DFC05E9E22FAFBA700008CAD /* BreedTableViewCell.swift in Sources */,
				DFC05EC922FC412E00008CAD /* DogCollectionViewCell.swift in Sources */,
				DFA8015622F57C7300FDAEBF /* QuizViewController.swift in Sources */,
				DFC05E5022F5CFA700008CAD /* QuizCoordinator.swift in Sources */,
				DFC05EB722FC367000008CAD /* GenderTableViewCell.swift in Sources */,
				DFC05E6022F6092E00008CAD /* DoggohNavigationBar.swift in Sources */,
				DFA8015922F57F4400FDAEBF /* QuestionViewController.swift in Sources */,
				DFA8015222F57C2F00FDAEBF /* BreedsTableViewController.swift in Sources */,
				DFC05F3D230AC6D300008CAD /* NetworkManager.swift in Sources */,
				DFC05EB322FC357400008CAD /* AgeTableViewCell.swift in Sources */,
				DFC05EBC22FC375A00008CAD /* CharacterTableViewCell.swift in Sources */,
				DF676C082317AC8200789D93 /* Dog+CoreDataProperties.swift in Sources */,
				DFC05E4D22F5B58E00008CAD /* QuizButton.swift in Sources */,
				DFC05E8822F9B18B00008CAD /* DogDescriptionButton.swift in Sources */,
				DFC05F3F230AC73100008CAD /* DogAPIClient.swift in Sources */,
				DFC05EC622FC40A400008CAD /* PinterestLayout.swift in Sources */,
				DFC05F41230AC75900008CAD /* AllDogsResponse.swift in Sources */,
				DFC05EB022FC350600008CAD /* DogProfileTableViewController.swift in Sources */,
				DFC05ECD22FC58F900008CAD /* CharacterCollectionViewCell.swift in Sources */,
				DFC05EA122FB0F5700008CAD /* DogsTableViewFooter.swift in Sources */,
				DFA8015422F57C6700FDAEBF /* DogProfileViewController.swift in Sources */,
				DF676C0A2317AC8200789D93 /* BreedImage+CoreDataProperties.swift in Sources */,
				DF676C052317AC8200789D93 /* Question+CoreDataClass.swift in Sources */,
				DFC05E6222F6F42D00008CAD /* ResultsViewController.swift in Sources */,
				DFC05EC122FC3DF500008CAD /* DogClass.swift in Sources */,
				DFC05ED122FC5CC500008CAD /* DogProfileCharacterLayout.swift in Sources */,
				DF676C072317AC8200789D93 /* Breed+CoreDataProperties.swift in Sources */,
				DFC05F5A230C183800008CAD /* TagsResponse.swift in Sources */,
				F61DD2B022F3926700B31D4A /* AppDelegate.swift in Sources */,
				DFC05F47230AD02700008CAD /* DogImageResponse.swift in Sources */,
				DFC05E8F22FAF0AA00008CAD /* SubBreedTableViewCell.swift in Sources */,
				DFC05F54230C174E00008CAD /* ImaggaAPIClient.swift in Sources */,
				DFC05E9922FAF75B00008CAD /* BreedsRepository.swift in Sources */,
				DFC05F50230BD49400008CAD /* MultipleDogImagesResponse.swift in Sources */,
				DFC05E8A22FAEF5400008CAD /* BreedClass.swift in Sources */,
				DF676C092317AC8200789D93 /* Breed+CoreDataClass.swift in Sources */,
				DF43FC6A22F59C2300E7004A /* QuestionsPool.swift in Sources */,
			);
			runOnlyForDeploymentPostprocessing = 0;
		};
/* End PBXSourcesBuildPhase section */

/* Begin PBXVariantGroup section */
		F61DD2B322F3926700B31D4A /* Main.storyboard */ = {
			isa = PBXVariantGroup;
			children = (
				F61DD2B422F3926700B31D4A /* Base */,
			);
			name = Main.storyboard;
			sourceTree = "<group>";
		};
		F61DD2B822F3926900B31D4A /* LaunchScreen.storyboard */ = {
			isa = PBXVariantGroup;
			children = (
				F61DD2B922F3926900B31D4A /* Base */,
			);
			name = LaunchScreen.storyboard;
			sourceTree = "<group>";
		};
/* End PBXVariantGroup section */

/* Begin XCBuildConfiguration section */
		F61DD2BC22F3926900B31D4A /* Debug */ = {
			isa = XCBuildConfiguration;
			buildSettings = {
				ALWAYS_SEARCH_USER_PATHS = NO;
				CLANG_ANALYZER_NONNULL = YES;
				CLANG_ANALYZER_NUMBER_OBJECT_CONVERSION = YES_AGGRESSIVE;
				CLANG_CXX_LANGUAGE_STANDARD = "gnu++14";
				CLANG_CXX_LIBRARY = "libc++";
				CLANG_ENABLE_MODULES = YES;
				CLANG_ENABLE_OBJC_ARC = YES;
				CLANG_ENABLE_OBJC_WEAK = YES;
				CLANG_WARN_BLOCK_CAPTURE_AUTORELEASING = YES;
				CLANG_WARN_BOOL_CONVERSION = YES;
				CLANG_WARN_COMMA = YES;
				CLANG_WARN_CONSTANT_CONVERSION = YES;
				CLANG_WARN_DEPRECATED_OBJC_IMPLEMENTATIONS = YES;
				CLANG_WARN_DIRECT_OBJC_ISA_USAGE = YES_ERROR;
				CLANG_WARN_DOCUMENTATION_COMMENTS = YES;
				CLANG_WARN_EMPTY_BODY = YES;
				CLANG_WARN_ENUM_CONVERSION = YES;
				CLANG_WARN_INFINITE_RECURSION = YES;
				CLANG_WARN_INT_CONVERSION = YES;
				CLANG_WARN_NON_LITERAL_NULL_CONVERSION = YES;
				CLANG_WARN_OBJC_IMPLICIT_RETAIN_SELF = YES;
				CLANG_WARN_OBJC_LITERAL_CONVERSION = YES;
				CLANG_WARN_OBJC_ROOT_CLASS = YES_ERROR;
				CLANG_WARN_RANGE_LOOP_ANALYSIS = YES;
				CLANG_WARN_STRICT_PROTOTYPES = YES;
				CLANG_WARN_SUSPICIOUS_MOVE = YES;
				CLANG_WARN_UNGUARDED_AVAILABILITY = YES_AGGRESSIVE;
				CLANG_WARN_UNREACHABLE_CODE = YES;
				CLANG_WARN__DUPLICATE_METHOD_MATCH = YES;
				CODE_SIGN_IDENTITY = "iPhone Developer";
				COPY_PHASE_STRIP = NO;
				DEBUG_INFORMATION_FORMAT = dwarf;
				ENABLE_STRICT_OBJC_MSGSEND = YES;
				ENABLE_TESTABILITY = YES;
				GCC_C_LANGUAGE_STANDARD = gnu11;
				GCC_DYNAMIC_NO_PIC = NO;
				GCC_NO_COMMON_BLOCKS = YES;
				GCC_OPTIMIZATION_LEVEL = 0;
				GCC_PREPROCESSOR_DEFINITIONS = (
					"DEBUG=1",
					"$(inherited)",
				);
				GCC_WARN_64_TO_32_BIT_CONVERSION = YES;
				GCC_WARN_ABOUT_RETURN_TYPE = YES_ERROR;
				GCC_WARN_UNDECLARED_SELECTOR = YES;
				GCC_WARN_UNINITIALIZED_AUTOS = YES_AGGRESSIVE;
				GCC_WARN_UNUSED_FUNCTION = YES;
				GCC_WARN_UNUSED_VARIABLE = YES;
				IPHONEOS_DEPLOYMENT_TARGET = 12.2;
				MTL_ENABLE_DEBUG_INFO = INCLUDE_SOURCE;
				MTL_FAST_MATH = YES;
				ONLY_ACTIVE_ARCH = YES;
				SDKROOT = iphoneos;
				SWIFT_ACTIVE_COMPILATION_CONDITIONS = DEBUG;
				SWIFT_OPTIMIZATION_LEVEL = "-Onone";
			};
			name = Debug;
		};
		F61DD2BD22F3926900B31D4A /* Release */ = {
			isa = XCBuildConfiguration;
			buildSettings = {
				ALWAYS_SEARCH_USER_PATHS = NO;
				CLANG_ANALYZER_NONNULL = YES;
				CLANG_ANALYZER_NUMBER_OBJECT_CONVERSION = YES_AGGRESSIVE;
				CLANG_CXX_LANGUAGE_STANDARD = "gnu++14";
				CLANG_CXX_LIBRARY = "libc++";
				CLANG_ENABLE_MODULES = YES;
				CLANG_ENABLE_OBJC_ARC = YES;
				CLANG_ENABLE_OBJC_WEAK = YES;
				CLANG_WARN_BLOCK_CAPTURE_AUTORELEASING = YES;
				CLANG_WARN_BOOL_CONVERSION = YES;
				CLANG_WARN_COMMA = YES;
				CLANG_WARN_CONSTANT_CONVERSION = YES;
				CLANG_WARN_DEPRECATED_OBJC_IMPLEMENTATIONS = YES;
				CLANG_WARN_DIRECT_OBJC_ISA_USAGE = YES_ERROR;
				CLANG_WARN_DOCUMENTATION_COMMENTS = YES;
				CLANG_WARN_EMPTY_BODY = YES;
				CLANG_WARN_ENUM_CONVERSION = YES;
				CLANG_WARN_INFINITE_RECURSION = YES;
				CLANG_WARN_INT_CONVERSION = YES;
				CLANG_WARN_NON_LITERAL_NULL_CONVERSION = YES;
				CLANG_WARN_OBJC_IMPLICIT_RETAIN_SELF = YES;
				CLANG_WARN_OBJC_LITERAL_CONVERSION = YES;
				CLANG_WARN_OBJC_ROOT_CLASS = YES_ERROR;
				CLANG_WARN_RANGE_LOOP_ANALYSIS = YES;
				CLANG_WARN_STRICT_PROTOTYPES = YES;
				CLANG_WARN_SUSPICIOUS_MOVE = YES;
				CLANG_WARN_UNGUARDED_AVAILABILITY = YES_AGGRESSIVE;
				CLANG_WARN_UNREACHABLE_CODE = YES;
				CLANG_WARN__DUPLICATE_METHOD_MATCH = YES;
				CODE_SIGN_IDENTITY = "iPhone Developer";
				COPY_PHASE_STRIP = NO;
				DEBUG_INFORMATION_FORMAT = "dwarf-with-dsym";
				ENABLE_NS_ASSERTIONS = NO;
				ENABLE_STRICT_OBJC_MSGSEND = YES;
				GCC_C_LANGUAGE_STANDARD = gnu11;
				GCC_NO_COMMON_BLOCKS = YES;
				GCC_WARN_64_TO_32_BIT_CONVERSION = YES;
				GCC_WARN_ABOUT_RETURN_TYPE = YES_ERROR;
				GCC_WARN_UNDECLARED_SELECTOR = YES;
				GCC_WARN_UNINITIALIZED_AUTOS = YES_AGGRESSIVE;
				GCC_WARN_UNUSED_FUNCTION = YES;
				GCC_WARN_UNUSED_VARIABLE = YES;
				IPHONEOS_DEPLOYMENT_TARGET = 12.2;
				MTL_ENABLE_DEBUG_INFO = NO;
				MTL_FAST_MATH = YES;
				SDKROOT = iphoneos;
				SWIFT_COMPILATION_MODE = wholemodule;
				SWIFT_OPTIMIZATION_LEVEL = "-O";
				VALIDATE_PRODUCT = YES;
			};
			name = Release;
		};
		F61DD2BF22F3926900B31D4A /* Debug */ = {
			isa = XCBuildConfiguration;
			baseConfigurationReference = 14B8FBF9722EBD958F657317 /* Pods-Doggoh-Starter.debug.xcconfig */;
			buildSettings = {
				ASSETCATALOG_COMPILER_APPICON_NAME = AppIcon;
				CODE_SIGN_STYLE = Automatic;
				INFOPLIST_FILE = "Doggoh-Starter/Info.plist";
				LD_RUNPATH_SEARCH_PATHS = (
					"$(inherited)",
					"@executable_path/Frameworks",
				);
				PRODUCT_BUNDLE_IDENTIFIER = "com.internship.Doggoh-Starter";
				PRODUCT_NAME = "$(TARGET_NAME)";
				SWIFT_VERSION = 5.0;
				TARGETED_DEVICE_FAMILY = "1,2";
			};
			name = Debug;
		};
		F61DD2C022F3926900B31D4A /* Release */ = {
			isa = XCBuildConfiguration;
			baseConfigurationReference = E6DC2F7D430D0847668FBB31 /* Pods-Doggoh-Starter.release.xcconfig */;
			buildSettings = {
				ASSETCATALOG_COMPILER_APPICON_NAME = AppIcon;
				CODE_SIGN_STYLE = Automatic;
				INFOPLIST_FILE = "Doggoh-Starter/Info.plist";
				LD_RUNPATH_SEARCH_PATHS = (
					"$(inherited)",
					"@executable_path/Frameworks",
				);
				PRODUCT_BUNDLE_IDENTIFIER = "com.internship.Doggoh-Starter";
				PRODUCT_NAME = "$(TARGET_NAME)";
				SWIFT_VERSION = 5.0;
				TARGETED_DEVICE_FAMILY = "1,2";
			};
			name = Release;
		};
/* End XCBuildConfiguration section */

/* Begin XCConfigurationList section */
		F61DD2A722F3926700B31D4A /* Build configuration list for PBXProject "Doggoh-Starter" */ = {
			isa = XCConfigurationList;
			buildConfigurations = (
				F61DD2BC22F3926900B31D4A /* Debug */,
				F61DD2BD22F3926900B31D4A /* Release */,
			);
			defaultConfigurationIsVisible = 0;
			defaultConfigurationName = Release;
		};
		F61DD2BE22F3926900B31D4A /* Build configuration list for PBXNativeTarget "Doggoh-Starter" */ = {
			isa = XCConfigurationList;
			buildConfigurations = (
				F61DD2BF22F3926900B31D4A /* Debug */,
				F61DD2C022F3926900B31D4A /* Release */,
			);
			defaultConfigurationIsVisible = 0;
			defaultConfigurationName = Release;
		};
/* End XCConfigurationList section */

/* Begin XCVersionGroup section */
		DF676B8E231540AB00789D93 /* Doggoh.xcdatamodeld */ = {
			isa = XCVersionGroup;
			children = (
				DF676B8F231540AB00789D93 /* Doggoh.xcdatamodel */,
			);
			currentVersion = DF676B8F231540AB00789D93 /* Doggoh.xcdatamodel */;
			path = Doggoh.xcdatamodeld;
			sourceTree = "<group>";
			versionGroupType = wrapper.xcdatamodel;
		};
/* End XCVersionGroup section */
	};
	rootObject = F61DD2A422F3926700B31D4A /* Project object */;
}
